
Microsoft Visual Studio Solution File, Format Version 12.00
# Visual Studio Version 16
VisualStudioVersion = 16.0.31729.503
MinimumVisualStudioVersion = 10.0.40219.1
Project("{FAE04EC0-301F-11D3-BF4B-00C04F79EFBC}") = "ConsoleApplication", "ConsoleApplication\ConsoleApplication.csproj", "{36BDE46A-4B8B-4512-B006-D4895E52FF7F}"
EndProject
Project("{FAE04EC0-301F-11D3-BF4B-00C04F79EFBC}") = "Common", "Common\Common.csproj", "{8006D3FC-AE76-43AF-812E-BCB23291013D}"
EndProject
Project("{FAE04EC0-301F-11D3-BF4B-00C04F79EFBC}") = "Tests", "Tests\Tests.csproj", "{22B96ACD-8013-49A1-A964-395861DA7E95}"
EndProject
Global
	GlobalSection(SolutionConfigurationPlatforms) = preSolution
		Debug|Any CPU = Debug|Any CPU
		Release|Any CPU = Release|Any CPU
	EndGlobalSection
	GlobalSection(ProjectConfigurationPlatforms) = postSolution
		{36BDE46A-4B8B-4512-B006-D4895E52FF7F}.Debug|Any CPU.ActiveCfg = Debug|Any CPU
		{36BDE46A-4B8B-4512-B006-D4895E52FF7F}.Debug|Any CPU.Build.0 = Debug|Any CPU
		{36BDE46A-4B8B-4512-B006-D4895E52FF7F}.Release|Any CPU.ActiveCfg = Release|Any CPU
		{36BDE46A-4B8B-4512-B006-D4895E52FF7F}.Release|Any CPU.Build.0 = Release|Any CPU
		{8006D3FC-AE76-43AF-812E-BCB23291013D}.Debug|Any CPU.ActiveCfg = Debug|Any CPU
		{8006D3FC-AE76-43AF-812E-BCB23291013D}.Debug|Any CPU.Build.0 = Debug|Any CPU
		{8006D3FC-AE76-43AF-812E-BCB23291013D}.Release|Any CPU.ActiveCfg = Release|Any CPU
		{8006D3FC-AE76-43AF-812E-BCB23291013D}.Release|Any CPU.Build.0 = Release|Any CPU
		{22B96ACD-8013-49A1-A964-395861DA7E95}.Debug|Any CPU.ActiveCfg = Debug|Any CPU
		{22B96ACD-8013-49A1-A964-395861DA7E95}.Debug|Any CPU.Build.0 = Debug|Any CPU
		{22B96ACD-8013-49A1-A964-395861DA7E95}.Release|Any CPU.ActiveCfg = Release|Any CPU
		{22B96ACD-8013-49A1-A964-395861DA7E95}.Release|Any CPU.Build.0 = Release|Any CPU
	EndGlobalSection
	GlobalSection(SolutionProperties) = preSolution
		HideSolutionNode = FALSE
	EndGlobalSection
	GlobalSection(ExtensibilityGlobals) = postSolution
		SolutionGuid = {88E67B33-2266-47F3-90EA-75960C1862CB}
	EndGlobalSection
EndGlobal
