
Microsoft Visual Studio Solution File, Format Version 12.00
# Visual Studio Version 16
VisualStudioVersion = 16.0.31729.503
MinimumVisualStudioVersion = 10.0.40219.1
Project("{9A19103F-16F7-4668-BE54-9A1E7A4F7556}") = "ConsoleApplication", "ConsoleApplication\ConsoleApplication.csproj", "{8DBA82FC-511B-4E6E-81CF-EC8E3A6302B4}"
EndProject
Project("{FAE04EC0-301F-11D3-BF4B-00C04F79EFBC}") = "Common", "Common\Common.csproj", "{D45323DF-BAD7-4E87-8B38-6F8BDB4B90E3}"
EndProject
Project("{FAE04EC0-301F-11D3-BF4B-00C04F79EFBC}") = "Tests", "Tests\Tests.csproj", "{6C6EDCE3-8967-4B04-A9C2-2B1BE2B1A4EF}"
EndProject
Global
	GlobalSection(SolutionConfigurationPlatforms) = preSolution
		Debug|Any CPU = Debug|Any CPU
		Release|Any CPU = Release|Any CPU
	EndGlobalSection
	GlobalSection(ProjectConfigurationPlatforms) = postSolution
		{8DBA82FC-511B-4E6E-81CF-EC8E3A6302B4}.Debug|Any CPU.ActiveCfg = Debug|Any CPU
		{8DBA82FC-511B-4E6E-81CF-EC8E3A6302B4}.Debug|Any CPU.Build.0 = Debug|Any CPU
		{8DBA82FC-511B-4E6E-81CF-EC8E3A6302B4}.Release|Any CPU.ActiveCfg = Release|Any CPU
		{8DBA82FC-511B-4E6E-81CF-EC8E3A6302B4}.Release|Any CPU.Build.0 = Release|Any CPU
		{D45323DF-BAD7-4E87-8B38-6F8BDB4B90E3}.Debug|Any CPU.ActiveCfg = Debug|Any CPU
		{D45323DF-BAD7-4E87-8B38-6F8BDB4B90E3}.Debug|Any CPU.Build.0 = Debug|Any CPU
		{D45323DF-BAD7-4E87-8B38-6F8BDB4B90E3}.Release|Any CPU.ActiveCfg = Release|Any CPU
		{D45323DF-BAD7-4E87-8B38-6F8BDB4B90E3}.Release|Any CPU.Build.0 = Release|Any CPU
		{6C6EDCE3-8967-4B04-A9C2-2B1BE2B1A4EF}.Debug|Any CPU.ActiveCfg = Debug|Any CPU
		{6C6EDCE3-8967-4B04-A9C2-2B1BE2B1A4EF}.Debug|Any CPU.Build.0 = Debug|Any CPU
		{6C6EDCE3-8967-4B04-A9C2-2B1BE2B1A4EF}.Release|Any CPU.ActiveCfg = Release|Any CPU
		{6C6EDCE3-8967-4B04-A9C2-2B1BE2B1A4EF}.Release|Any CPU.Build.0 = Release|Any CPU
	EndGlobalSection
	GlobalSection(SolutionProperties) = preSolution
		HideSolutionNode = FALSE
	EndGlobalSection
	GlobalSection(ExtensibilityGlobals) = postSolution
		SolutionGuid = {66946249-DAD6-4E2A-9D74-C09FCE1B342C}
	EndGlobalSection
EndGlobal
